
Microsoft Visual Studio Solution File, Format Version 12.00
# Visual Studio 2013
VisualStudioVersion = 12.0.31101.0
MinimumVisualStudioVersion = 10.0.40219.1
Project("{FAE04EC0-301F-11D3-BF4B-00C04F79EFBC}") = "EpicorLibrary", "EpicorLibrary\EpicorLibrary.csproj", "{C1612D7D-8117-4036-B38D-F64BC5EA8EF1}"
EndProject
Project("{FAE04EC0-301F-11D3-BF4B-00C04F79EFBC}") = "Ui", "Ui\Ui.csproj", "{C744AD2D-7542-440D-A9D5-B4B05A5D04CD}"
EndProject
Global
	GlobalSection(SolutionConfigurationPlatforms) = preSolution
		Debug|Any CPU = Debug|Any CPU
		Debug|Mixed Platforms = Debug|Mixed Platforms
		Debug|x86 = Debug|x86
		Deploy|Any CPU = Deploy|Any CPU
		Deploy|Mixed Platforms = Deploy|Mixed Platforms
		Deploy|x86 = Deploy|x86
		Release|Any CPU = Release|Any CPU
		Release|Mixed Platforms = Release|Mixed Platforms
		Release|x86 = Release|x86
	EndGlobalSection
	GlobalSection(ProjectConfigurationPlatforms) = postSolution
		{C1612D7D-8117-4036-B38D-F64BC5EA8EF1}.Debug|Any CPU.ActiveCfg = Debug|Any CPU
		{C1612D7D-8117-4036-B38D-F64BC5EA8EF1}.Debug|Any CPU.Build.0 = Debug|Any CPU
		{C1612D7D-8117-4036-B38D-F64BC5EA8EF1}.Debug|Mixed Platforms.ActiveCfg = Debug|Any CPU
		{C1612D7D-8117-4036-B38D-F64BC5EA8EF1}.Debug|Mixed Platforms.Build.0 = Debug|Any CPU
		{C1612D7D-8117-4036-B38D-F64BC5EA8EF1}.Debug|x86.ActiveCfg = Debug|Any CPU
		{C1612D7D-8117-4036-B38D-F64BC5EA8EF1}.Deploy|Any CPU.ActiveCfg = Deploy|Any CPU
		{C1612D7D-8117-4036-B38D-F64BC5EA8EF1}.Deploy|Any CPU.Build.0 = Deploy|Any CPU
		{C1612D7D-8117-4036-B38D-F64BC5EA8EF1}.Deploy|Mixed Platforms.ActiveCfg = Deploy|Any CPU
		{C1612D7D-8117-4036-B38D-F64BC5EA8EF1}.Deploy|Mixed Platforms.Build.0 = Deploy|Any CPU
		{C1612D7D-8117-4036-B38D-F64BC5EA8EF1}.Deploy|x86.ActiveCfg = Deploy|Any CPU
		{C1612D7D-8117-4036-B38D-F64BC5EA8EF1}.Release|Any CPU.ActiveCfg = Release|Any CPU
		{C1612D7D-8117-4036-B38D-F64BC5EA8EF1}.Release|Any CPU.Build.0 = Release|Any CPU
		{C1612D7D-8117-4036-B38D-F64BC5EA8EF1}.Release|Mixed Platforms.ActiveCfg = Release|Any CPU
		{C1612D7D-8117-4036-B38D-F64BC5EA8EF1}.Release|Mixed Platforms.Build.0 = Release|Any CPU
		{C1612D7D-8117-4036-B38D-F64BC5EA8EF1}.Release|x86.ActiveCfg = Release|Any CPU
		{C744AD2D-7542-440D-A9D5-B4B05A5D04CD}.Debug|Any CPU.ActiveCfg = Debug|Any CPU
		{C744AD2D-7542-440D-A9D5-B4B05A5D04CD}.Debug|Any CPU.Build.0 = Debug|Any CPU
		{C744AD2D-7542-440D-A9D5-B4B05A5D04CD}.Debug|Mixed Platforms.ActiveCfg = Debug|Any CPU
		{C744AD2D-7542-440D-A9D5-B4B05A5D04CD}.Debug|Mixed Platforms.Build.0 = Debug|Any CPU
		{C744AD2D-7542-440D-A9D5-B4B05A5D04CD}.Debug|x86.ActiveCfg = Debug|Any CPU
		{C744AD2D-7542-440D-A9D5-B4B05A5D04CD}.Deploy|Any CPU.ActiveCfg = Deploy|Any CPU
		{C744AD2D-7542-440D-A9D5-B4B05A5D04CD}.Deploy|Mixed Platforms.ActiveCfg = Deploy|Any CPU
		{C744AD2D-7542-440D-A9D5-B4B05A5D04CD}.Deploy|Mixed Platforms.Build.0 = Deploy|Any CPU
		{C744AD2D-7542-440D-A9D5-B4B05A5D04CD}.Deploy|x86.ActiveCfg = Deploy|Any CPU
		{C744AD2D-7542-440D-A9D5-B4B05A5D04CD}.Release|Any CPU.ActiveCfg = Release|Any CPU
		{C744AD2D-7542-440D-A9D5-B4B05A5D04CD}.Release|Any CPU.Build.0 = Release|Any CPU
		{C744AD2D-7542-440D-A9D5-B4B05A5D04CD}.Release|Mixed Platforms.ActiveCfg = Release|Any CPU
		{C744AD2D-7542-440D-A9D5-B4B05A5D04CD}.Release|Mixed Platforms.Build.0 = Release|Any CPU
		{C744AD2D-7542-440D-A9D5-B4B05A5D04CD}.Release|x86.ActiveCfg = Release|Any CPU
	EndGlobalSection
	GlobalSection(SolutionProperties) = preSolution
		HideSolutionNode = FALSE
	EndGlobalSection
EndGlobal
